{
  "version": 4,
  "terraform_version": "1.4.6",
  "serial": 1,
  "lineage": "a6a35425-1ecc-667c-d714-9badc9a2688d",
  "outputs": {},
  "resources": [
    {
      "mode": "managed",
      "type": "github_repository",
      "name": "example",
      "provider": "provider[\"registry.terraform.io/integrations/github\"]",
      "instances": [
        {
          "schema_version": 0,
          "attributes": {
            "allow_merge_commit": true,
            "allow_rebase_merge": true,
            "allow_squash_merge": true,
            "archive_on_destroy": null,
            "archived": false,
            "auto_init": null,
            "default_branch": "main",
            "delete_branch_on_merge": false,
            "description": "Example repository",
            "etag": "W/\"f5023b45037b6b508e23b20298a8ef8fa5b3f89386ba85051ec50f373d5cdcbc\"",
            "full_name": "NextGen20/project-3",
            "git_clone_url": "git://github.com/NextGen20/project-3.git",
            "gitignore_template": null,
            "has_downloads": false,
            "has_issues": true,
            "has_projects": true,
            "has_wiki": true,
            "homepage_url": "",
            "html_url": "https://github.com/NextGen20/project-3",
            "http_clone_url": "https://github.com/NextGen20/project-3.git",
            "id": "project-3",
            "is_template": false,
            "license_template": null,
            "name": "project-3",
            "node_id": "R_kgDOJvS0qw",
            "pages": [],
            "private": false,
            "repo_id": 653571243,
            "ssh_clone_url": "git@github.com:NextGen20/project-3.git",
            "svn_url": "https://github.com/NextGen20/project-3",
            "template": [],
            "topics": null,
            "visibility": "public",
            "vulnerability_alerts": false
          },
          "sensitive_attributes": [],
          "private": "bnVsbA=="
        }
      ]
    }
  ],
  "check_results": null
}
